
Microsoft Visual Studio Solution File, Format Version 12.00
# Visual Studio 15
VisualStudioVersion = 15.0.28010.2036
MinimumVisualStudioVersion = 10.0.40219.1
Project("{FAE04EC0-301F-11D3-BF4B-00C04F79EFBC}") = "Fraysa.MapleStory.Studio", "Fraysa.MapleStory.Studio\Fraysa.MapleStory.Studio.csproj", "{56FC1E4D-7BEF-4BEC-B031-CF972CB11C04}"
EndProject
Project("{FAE04EC0-301F-11D3-BF4B-00C04F79EFBC}") = "Fraysa.MapleStory", "Fraysa.MapleStory\Fraysa.MapleStory.csproj", "{D11CF7E9-23C2-47B9-A729-5B52D16DB6DA}"
EndProject
Global
	GlobalSection(SolutionConfigurationPlatforms) = preSolution
		Debug|Any CPU = Debug|Any CPU
		Release|Any CPU = Release|Any CPU
	EndGlobalSection
	GlobalSection(ProjectConfigurationPlatforms) = postSolution
		{56FC1E4D-7BEF-4BEC-B031-CF972CB11C04}.Debug|Any CPU.ActiveCfg = Debug|Any CPU
		{56FC1E4D-7BEF-4BEC-B031-CF972CB11C04}.Debug|Any CPU.Build.0 = Debug|Any CPU
		{56FC1E4D-7BEF-4BEC-B031-CF972CB11C04}.Release|Any CPU.ActiveCfg = Release|Any CPU
		{56FC1E4D-7BEF-4BEC-B031-CF972CB11C04}.Release|Any CPU.Build.0 = Release|Any CPU
		{D11CF7E9-23C2-47B9-A729-5B52D16DB6DA}.Debug|Any CPU.ActiveCfg = Debug|Any CPU
		{D11CF7E9-23C2-47B9-A729-5B52D16DB6DA}.Debug|Any CPU.Build.0 = Debug|Any CPU
		{D11CF7E9-23C2-47B9-A729-5B52D16DB6DA}.Release|Any CPU.ActiveCfg = Release|Any CPU
		{D11CF7E9-23C2-47B9-A729-5B52D16DB6DA}.Release|Any CPU.Build.0 = Release|Any CPU
	EndGlobalSection
	GlobalSection(SolutionProperties) = preSolution
		HideSolutionNode = FALSE
	EndGlobalSection
	GlobalSection(ExtensibilityGlobals) = postSolution
		SolutionGuid = {4929B6D6-1E14-48D5-B539-E618615AA61B}
	EndGlobalSection
EndGlobal
